
Microsoft Visual Studio Solution File, Format Version 12.00
# Visual Studio Version 17
VisualStudioVersion = 17.4.33213.308
MinimumVisualStudioVersion = 10.0.40219.1
Project("{9A19103F-16F7-4668-BE54-9A1E7A4F7556}") = "Figure", "Figure.csproj", "{582268CE-9B8F-4E8F-818E-4F0573EB8C46}"
EndProject
Project("{FAE04EC0-301F-11D3-BF4B-00C04F79EFBC}") = "Tests", "Tests\Tests.csproj", "{6CCE10B3-1EFF-49F1-BC7B-BF3CB8879E9B}"
EndProject
Global
	GlobalSection(SolutionConfigurationPlatforms) = preSolution
		Debug|Any CPU = Debug|Any CPU
		Release|Any CPU = Release|Any CPU
	EndGlobalSection
	GlobalSection(ProjectConfigurationPlatforms) = postSolution
		{582268CE-9B8F-4E8F-818E-4F0573EB8C46}.Debug|Any CPU.ActiveCfg = Debug|Any CPU
		{582268CE-9B8F-4E8F-818E-4F0573EB8C46}.Debug|Any CPU.Build.0 = Debug|Any CPU
		{582268CE-9B8F-4E8F-818E-4F0573EB8C46}.Release|Any CPU.ActiveCfg = Release|Any CPU
		{582268CE-9B8F-4E8F-818E-4F0573EB8C46}.Release|Any CPU.Build.0 = Release|Any CPU
		{6CCE10B3-1EFF-49F1-BC7B-BF3CB8879E9B}.Debug|Any CPU.ActiveCfg = Debug|Any CPU
		{6CCE10B3-1EFF-49F1-BC7B-BF3CB8879E9B}.Debug|Any CPU.Build.0 = Debug|Any CPU
		{6CCE10B3-1EFF-49F1-BC7B-BF3CB8879E9B}.Release|Any CPU.ActiveCfg = Release|Any CPU
		{6CCE10B3-1EFF-49F1-BC7B-BF3CB8879E9B}.Release|Any CPU.Build.0 = Release|Any CPU
	EndGlobalSection
	GlobalSection(SolutionProperties) = preSolution
		HideSolutionNode = FALSE
	EndGlobalSection
	GlobalSection(ExtensibilityGlobals) = postSolution
		SolutionGuid = {A4DE514D-40B2-452D-99C4-D11250174D66}
	EndGlobalSection
EndGlobal
